// !$*UTF8*$!
{
	archiveVersion = 1;
	classes = {
	};
	objectVersion = 46;
	objects = {

/* Begin PBXBuildFile section */
		30079CA93A84AD7ABC4A1076 /* Pods_IR_Ipad_version_.framework in Frameworks */ = {isa = PBXBuildFile; fileRef = B7B8D8D4215DE4DD797EC0F5 /* Pods_IR_Ipad_version_.framework */; };
		95136DEA1EF03C5C006A9FFC /* AA.swift in Sources */ = {isa = PBXBuildFile; fileRef = 95136DE91EF03C5C006A9FFC /* AA.swift */; };
		95136DEC1EF03C88006A9FFC /* AboutUs.swift in Sources */ = {isa = PBXBuildFile; fileRef = 95136DEB1EF03C88006A9FFC /* AboutUs.swift */; };
		95136DEE1EF03C8D006A9FFC /* AboutUsData.swift in Sources */ = {isa = PBXBuildFile; fileRef = 95136DED1EF03C8D006A9FFC /* AboutUsData.swift */; };
		95136DF01EF03C91006A9FFC /* APIConfiguration.swift in Sources */ = {isa = PBXBuildFile; fileRef = 95136DEF1EF03C91006A9FFC /* APIConfiguration.swift */; };
		95136DF21EF03C96006A9FFC /* ApiRequests.swift in Sources */ = {isa = PBXBuildFile; fileRef = 95136DF11EF03C96006A9FFC /* ApiRequests.swift */; };
		95136DF41EF03C9E006A9FFC /* AuthData.swift in Sources */ = {isa = PBXBuildFile; fileRef = 95136DF31EF03C9E006A9FFC /* AuthData.swift */; };
		95136DF61EF03CA3006A9FFC /* CustomUISlider.swift in Sources */ = {isa = PBXBuildFile; fileRef = 95136DF51EF03CA3006A9FFC /* CustomUISlider.swift */; };
		95136DF81EF03CA7006A9FFC /* LoginVC.swift in Sources */ = {isa = PBXBuildFile; fileRef = 95136DF71EF03CA7006A9FFC /* LoginVC.swift */; };
		95136DFA1EF03CAC006A9FFC /* Metadata.swift in Sources */ = {isa = PBXBuildFile; fileRef = 95136DF91EF03CAC006A9FFC /* Metadata.swift */; };
		95136DFC1EF03CB0006A9FFC /* RecommendationVC.swift in Sources */ = {isa = PBXBuildFile; fileRef = 95136DFB1EF03CB0006A9FFC /* RecommendationVC.swift */; };
		95136DFE1EF03CB4006A9FFC /* RegisterVC.swift in Sources */ = {isa = PBXBuildFile; fileRef = 95136DFD1EF03CB4006A9FFC /* RegisterVC.swift */; };
		95136E001EF03CBD006A9FFC /* Router.swift in Sources */ = {isa = PBXBuildFile; fileRef = 95136DFF1EF03CBD006A9FFC /* Router.swift */; };
		95136E021EF03CC1006A9FFC /* SettingsVC.swift in Sources */ = {isa = PBXBuildFile; fileRef = 95136E011EF03CC1006A9FFC /* SettingsVC.swift */; };
		95136E041EF03D4E006A9FFC /* AssetsCell.swift in Sources */ = {isa = PBXBuildFile; fileRef = 95136E031EF03D4E006A9FFC /* AssetsCell.swift */; };
		95136E061EF03D61006A9FFC /* PickCell.swift in Sources */ = {isa = PBXBuildFile; fileRef = 95136E051EF03D61006A9FFC /* PickCell.swift */; };
		95136E081EF03D71006A9FFC /* PickItem.swift in Sources */ = {isa = PBXBuildFile; fileRef = 95136E071EF03D71006A9FFC /* PickItem.swift */; };
		95136E0A1EF03D76006A9FFC /* Picks.swift in Sources */ = {isa = PBXBuildFile; fileRef = 95136E091EF03D76006A9FFC /* Picks.swift */; };
		95136E0C1EF03D7D006A9FFC /* PicksData.swift in Sources */ = {isa = PBXBuildFile; fileRef = 95136E0B1EF03D7D006A9FFC /* PicksData.swift */; };
		95136E0E1EF03D8C006A9FFC /* RecomendationSection.swift in Sources */ = {isa = PBXBuildFile; fileRef = 95136E0D1EF03D8C006A9FFC /* RecomendationSection.swift */; };
		95136E101EF03D93006A9FFC /* RecommendationItem.swift in Sources */ = {isa = PBXBuildFile; fileRef = 95136E0F1EF03D93006A9FFC /* RecommendationItem.swift */; };
		95136E121EF03D98006A9FFC /* RecommendationData.swift in Sources */ = {isa = PBXBuildFile; fileRef = 95136E111EF03D98006A9FFC /* RecommendationData.swift */; };
		95136E141EF03DC1006A9FFC /* SubsectionCell.swift in Sources */ = {isa = PBXBuildFile; fileRef = 95136E131EF03DC1006A9FFC /* SubsectionCell.swift */; };
		95136E161EF03DE0006A9FFC /* User.swift in Sources */ = {isa = PBXBuildFile; fileRef = 95136E151EF03DE0006A9FFC /* User.swift */; };
		95136E181EF04040006A9FFC /* AssetAllocation.swift in Sources */ = {isa = PBXBuildFile; fileRef = 95136E171EF04040006A9FFC /* AssetAllocation.swift */; };
		95136E1A1EF06DF3006A9FFC /* AAData.swift in Sources */ = {isa = PBXBuildFile; fileRef = 95136E191EF06DF3006A9FFC /* AAData.swift */; };
		9534380D1EE4AB7200BC6C75 /* AppDelegate.swift in Sources */ = {isa = PBXBuildFile; fileRef = 9534380C1EE4AB7200BC6C75 /* AppDelegate.swift */; };
		953438121EE4AB7200BC6C75 /* Main.storyboard in Resources */ = {isa = PBXBuildFile; fileRef = 953438101EE4AB7200BC6C75 /* Main.storyboard */; };
		953438141EE4AB7200BC6C75 /* Assets.xcassets in Resources */ = {isa = PBXBuildFile; fileRef = 953438131EE4AB7200BC6C75 /* Assets.xcassets */; };
		953438171EE4AB7200BC6C75 /* LaunchScreen.storyboard in Resources */ = {isa = PBXBuildFile; fileRef = 953438151EE4AB7200BC6C75 /* LaunchScreen.storyboard */; };
		953438231EE4B00100BC6C75 /* Trebuchet MS Bold Italic.ttf in Resources */ = {isa = PBXBuildFile; fileRef = 9534381F1EE4B00100BC6C75 /* Trebuchet MS Bold Italic.ttf */; };
		953438241EE4B00100BC6C75 /* Trebuchet MS Bold.ttf in Resources */ = {isa = PBXBuildFile; fileRef = 953438201EE4B00100BC6C75 /* Trebuchet MS Bold.ttf */; };
		953438251EE4B00100BC6C75 /* Trebuchet MS Italic.ttf in Resources */ = {isa = PBXBuildFile; fileRef = 953438211EE4B00100BC6C75 /* Trebuchet MS Italic.ttf */; };
		953438261EE4B00100BC6C75 /* Trebuchet MS.ttf in Resources */ = {isa = PBXBuildFile; fileRef = 953438221EE4B00100BC6C75 /* Trebuchet MS.ttf */; };
/* End PBXBuildFile section */

/* Begin PBXFileReference section */
		6E78F5C0C571BBE3E3A5F37E /* Pods-IR(Ipad version).debug.xcconfig */ = {isa = PBXFileReference; includeInIndex = 1; lastKnownFileType = text.xcconfig; name = "Pods-IR(Ipad version).debug.xcconfig"; path = "Pods/Target Support Files/Pods-IR(Ipad version)/Pods-IR(Ipad version).debug.xcconfig"; sourceTree = "<group>"; };
		730163CBC1F99FFAC19DC8E0 /* Pods-IR(Ipad version).release.xcconfig */ = {isa = PBXFileReference; includeInIndex = 1; lastKnownFileType = text.xcconfig; name = "Pods-IR(Ipad version).release.xcconfig"; path = "Pods/Target Support Files/Pods-IR(Ipad version)/Pods-IR(Ipad version).release.xcconfig"; sourceTree = "<group>"; };
		95136DE91EF03C5C006A9FFC /* AA.swift */ = {isa = PBXFileReference; fileEncoding = 4; lastKnownFileType = sourcecode.swift; path = AA.swift; sourceTree = "<group>"; };
		95136DEB1EF03C88006A9FFC /* AboutUs.swift */ = {isa = PBXFileReference; fileEncoding = 4; lastKnownFileType = sourcecode.swift; path = AboutUs.swift; sourceTree = "<group>"; };
		95136DED1EF03C8D006A9FFC /* AboutUsData.swift */ = {isa = PBXFileReference; fileEncoding = 4; lastKnownFileType = sourcecode.swift; path = AboutUsData.swift; sourceTree = "<group>"; };
		95136DEF1EF03C91006A9FFC /* APIConfiguration.swift */ = {isa = PBXFileReference; fileEncoding = 4; lastKnownFileType = sourcecode.swift; path = APIConfiguration.swift; sourceTree = "<group>"; };
		95136DF11EF03C96006A9FFC /* ApiRequests.swift */ = {isa = PBXFileReference; fileEncoding = 4; lastKnownFileType = sourcecode.swift; path = ApiRequests.swift; sourceTree = "<group>"; };
		95136DF31EF03C9E006A9FFC /* AuthData.swift */ = {isa = PBXFileReference; fileEncoding = 4; lastKnownFileType = sourcecode.swift; path = AuthData.swift; sourceTree = "<group>"; };
		95136DF51EF03CA3006A9FFC /* CustomUISlider.swift */ = {isa = PBXFileReference; fileEncoding = 4; lastKnownFileType = sourcecode.swift; path = CustomUISlider.swift; sourceTree = "<group>"; };
		95136DF71EF03CA7006A9FFC /* LoginVC.swift */ = {isa = PBXFileReference; fileEncoding = 4; lastKnownFileType = sourcecode.swift; path = LoginVC.swift; sourceTree = "<group>"; };
		95136DF91EF03CAC006A9FFC /* Metadata.swift */ = {isa = PBXFileReference; fileEncoding = 4; lastKnownFileType = sourcecode.swift; path = Metadata.swift; sourceTree = "<group>"; };
		95136DFB1EF03CB0006A9FFC /* RecommendationVC.swift */ = {isa = PBXFileReference; fileEncoding = 4; lastKnownFileType = sourcecode.swift; path = RecommendationVC.swift; sourceTree = "<group>"; };
		95136DFD1EF03CB4006A9FFC /* RegisterVC.swift */ = {isa = PBXFileReference; fileEncoding = 4; lastKnownFileType = sourcecode.swift; path = RegisterVC.swift; sourceTree = "<group>"; };
		95136DFF1EF03CBD006A9FFC /* Router.swift */ = {isa = PBXFileReference; fileEncoding = 4; lastKnownFileType = sourcecode.swift; path = Router.swift; sourceTree = "<group>"; };
		95136E011EF03CC1006A9FFC /* SettingsVC.swift */ = {isa = PBXFileReference; fileEncoding = 4; lastKnownFileType = sourcecode.swift; path = SettingsVC.swift; sourceTree = "<group>"; };
		95136E031EF03D4E006A9FFC /* AssetsCell.swift */ = {isa = PBXFileReference; fileEncoding = 4; lastKnownFileType = sourcecode.swift; path = AssetsCell.swift; sourceTree = "<group>"; };
		95136E051EF03D61006A9FFC /* PickCell.swift */ = {isa = PBXFileReference; fileEncoding = 4; lastKnownFileType = sourcecode.swift; path = PickCell.swift; sourceTree = "<group>"; };
		95136E071EF03D71006A9FFC /* PickItem.swift */ = {isa = PBXFileReference; fileEncoding = 4; lastKnownFileType = sourcecode.swift; path = PickItem.swift; sourceTree = "<group>"; };
		95136E091EF03D76006A9FFC /* Picks.swift */ = {isa = PBXFileReference; fileEncoding = 4; lastKnownFileType = sourcecode.swift; path = Picks.swift; sourceTree = "<group>"; };
		95136E0B1EF03D7D006A9FFC /* PicksData.swift */ = {isa = PBXFileReference; fileEncoding = 4; lastKnownFileType = sourcecode.swift; path = PicksData.swift; sourceTree = "<group>"; };
		95136E0D1EF03D8C006A9FFC /* RecomendationSection.swift */ = {isa = PBXFileReference; fileEncoding = 4; lastKnownFileType = sourcecode.swift; path = RecomendationSection.swift; sourceTree = "<group>"; };
		95136E0F1EF03D93006A9FFC /* RecommendationItem.swift */ = {isa = PBXFileReference; fileEncoding = 4; lastKnownFileType = sourcecode.swift; path = RecommendationItem.swift; sourceTree = "<group>"; };
		95136E111EF03D98006A9FFC /* RecommendationData.swift */ = {isa = PBXFileReference; fileEncoding = 4; lastKnownFileType = sourcecode.swift; path = RecommendationData.swift; sourceTree = "<group>"; };
		95136E131EF03DC1006A9FFC /* SubsectionCell.swift */ = {isa = PBXFileReference; fileEncoding = 4; lastKnownFileType = sourcecode.swift; path = SubsectionCell.swift; sourceTree = "<group>"; };
		95136E151EF03DE0006A9FFC /* User.swift */ = {isa = PBXFileReference; fileEncoding = 4; lastKnownFileType = sourcecode.swift; path = User.swift; sourceTree = "<group>"; };
		95136E171EF04040006A9FFC /* AssetAllocation.swift */ = {isa = PBXFileReference; fileEncoding = 4; lastKnownFileType = sourcecode.swift; path = AssetAllocation.swift; sourceTree = "<group>"; };
		95136E191EF06DF3006A9FFC /* AAData.swift */ = {isa = PBXFileReference; fileEncoding = 4; lastKnownFileType = sourcecode.swift; path = AAData.swift; sourceTree = "<group>"; };
		953438091EE4AB7200BC6C75 /* IR(Ipad version).app */ = {isa = PBXFileReference; explicitFileType = wrapper.application; includeInIndex = 0; path = "IR(Ipad version).app"; sourceTree = BUILT_PRODUCTS_DIR; };
		9534380C1EE4AB7200BC6C75 /* AppDelegate.swift */ = {isa = PBXFileReference; lastKnownFileType = sourcecode.swift; path = AppDelegate.swift; sourceTree = "<group>"; };
		953438111EE4AB7200BC6C75 /* Base */ = {isa = PBXFileReference; lastKnownFileType = file.storyboard; name = Base; path = Base.lproj/Main.storyboard; sourceTree = "<group>"; };
		953438131EE4AB7200BC6C75 /* Assets.xcassets */ = {isa = PBXFileReference; lastKnownFileType = folder.assetcatalog; path = Assets.xcassets; sourceTree = "<group>"; };
		953438161EE4AB7200BC6C75 /* Base */ = {isa = PBXFileReference; lastKnownFileType = file.storyboard; name = Base; path = Base.lproj/LaunchScreen.storyboard; sourceTree = "<group>"; };
		953438181EE4AB7200BC6C75 /* Info.plist */ = {isa = PBXFileReference; lastKnownFileType = text.plist.xml; path = Info.plist; sourceTree = "<group>"; };
		9534381F1EE4B00100BC6C75 /* Trebuchet MS Bold Italic.ttf */ = {isa = PBXFileReference; lastKnownFileType = file; path = "Trebuchet MS Bold Italic.ttf"; sourceTree = "<group>"; };
		953438201EE4B00100BC6C75 /* Trebuchet MS Bold.ttf */ = {isa = PBXFileReference; lastKnownFileType = file; path = "Trebuchet MS Bold.ttf"; sourceTree = "<group>"; };
		953438211EE4B00100BC6C75 /* Trebuchet MS Italic.ttf */ = {isa = PBXFileReference; lastKnownFileType = file; path = "Trebuchet MS Italic.ttf"; sourceTree = "<group>"; };
		953438221EE4B00100BC6C75 /* Trebuchet MS.ttf */ = {isa = PBXFileReference; lastKnownFileType = file; path = "Trebuchet MS.ttf"; sourceTree = "<group>"; };
		B7B8D8D4215DE4DD797EC0F5 /* Pods_IR_Ipad_version_.framework */ = {isa = PBXFileReference; explicitFileType = wrapper.framework; includeInIndex = 0; path = Pods_IR_Ipad_version_.framework; sourceTree = BUILT_PRODUCTS_DIR; };
/* End PBXFileReference section */

/* Begin PBXFrameworksBuildPhase section */
		953438061EE4AB7200BC6C75 /* Frameworks */ = {
			isa = PBXFrameworksBuildPhase;
			buildActionMask = 2147483647;
			files = (
				30079CA93A84AD7ABC4A1076 /* Pods_IR_Ipad_version_.framework in Frameworks */,
			);
			runOnlyForDeploymentPostprocessing = 0;
		};
/* End PBXFrameworksBuildPhase section */

/* Begin PBXGroup section */
		24F77C21206960EF31008B57 /* Pods */ = {
			isa = PBXGroup;
			children = (
				6E78F5C0C571BBE3E3A5F37E /* Pods-IR(Ipad version).debug.xcconfig */,
				730163CBC1F99FFAC19DC8E0 /* Pods-IR(Ipad version).release.xcconfig */,
			);
			name = Pods;
			sourceTree = "<group>";
		};
		95136DE51EF03BA6006A9FFC /* Controller */ = {
			isa = PBXGroup;
			children = (
				95136DEB1EF03C88006A9FFC /* AboutUs.swift */,
				9534380C1EE4AB7200BC6C75 /* AppDelegate.swift */,
				95136DF71EF03CA7006A9FFC /* LoginVC.swift */,
				95136DFB1EF03CB0006A9FFC /* RecommendationVC.swift */,
				95136DFD1EF03CB4006A9FFC /* RegisterVC.swift */,
				95136E011EF03CC1006A9FFC /* SettingsVC.swift */,
				95136E091EF03D76006A9FFC /* Picks.swift */,
				95136E171EF04040006A9FFC /* AssetAllocation.swift */,
			);
			name = Controller;
			sourceTree = "<group>";
		};
		95136DE61EF03BB7006A9FFC /* View */ = {
			isa = PBXGroup;
			children = (
				95136E031EF03D4E006A9FFC /* AssetsCell.swift */,
				95136DF51EF03CA3006A9FFC /* CustomUISlider.swift */,
				95136E051EF03D61006A9FFC /* PickCell.swift */,
				95136E131EF03DC1006A9FFC /* SubsectionCell.swift */,
				953438101EE4AB7200BC6C75 /* Main.storyboard */,
				953438151EE4AB7200BC6C75 /* LaunchScreen.storyboard */,
			);
			name = View;
			sourceTree = "<group>";
		};
		95136DE71EF03BC2006A9FFC /* Model */ = {
			isa = PBXGroup;
			children = (
				95136DE91EF03C5C006A9FFC /* AA.swift */,
				95136E191EF06DF3006A9FFC /* AAData.swift */,
				95136DED1EF03C8D006A9FFC /* AboutUsData.swift */,
				95136DF31EF03C9E006A9FFC /* AuthData.swift */,
				95136DF91EF03CAC006A9FFC /* Metadata.swift */,
				95136E071EF03D71006A9FFC /* PickItem.swift */,
				95136E0B1EF03D7D006A9FFC /* PicksData.swift */,
				95136E0D1EF03D8C006A9FFC /* RecomendationSection.swift */,
				95136E111EF03D98006A9FFC /* RecommendationData.swift */,
				95136E0F1EF03D93006A9FFC /* RecommendationItem.swift */,
				95136E151EF03DE0006A9FFC /* User.swift */,
			);
			name = Model;
			sourceTree = "<group>";
		};
		95136DE81EF03BC9006A9FFC /* Util */ = {
			isa = PBXGroup;
			children = (
				95136DEF1EF03C91006A9FFC /* APIConfiguration.swift */,
				95136DF11EF03C96006A9FFC /* ApiRequests.swift */,
				95136DFF1EF03CBD006A9FFC /* Router.swift */,
			);
			name = Util;
			sourceTree = "<group>";
		};
		953438001EE4AB7200BC6C75 = {
			isa = PBXGroup;
			children = (
				9534380B1EE4AB7200BC6C75 /* IR(Ipad version) */,
				9534380A1EE4AB7200BC6C75 /* Products */,
				9534381E1EE4B00100BC6C75 /* Trebuchet */,
				24F77C21206960EF31008B57 /* Pods */,
				E654CAD51D3823E580E28883 /* Frameworks */,
			);
			sourceTree = "<group>";
		};
		9534380A1EE4AB7200BC6C75 /* Products */ = {
			isa = PBXGroup;
			children = (
				953438091EE4AB7200BC6C75 /* IR(Ipad version).app */,
			);
			name = Products;
			sourceTree = "<group>";
		};
		9534380B1EE4AB7200BC6C75 /* IR(Ipad version) */ = {
			isa = PBXGroup;
			children = (
				95136DE81EF03BC9006A9FFC /* Util */,
				95136DE71EF03BC2006A9FFC /* Model */,
				95136DE61EF03BB7006A9FFC /* View */,
				95136DE51EF03BA6006A9FFC /* Controller */,
				953438131EE4AB7200BC6C75 /* Assets.xcassets */,
				953438181EE4AB7200BC6C75 /* Info.plist */,
			);
			path = "IR(Ipad version)";
			sourceTree = "<group>";
		};
		9534381E1EE4B00100BC6C75 /* Trebuchet */ = {
			isa = PBXGroup;
			children = (
				9534381F1EE4B00100BC6C75 /* Trebuchet MS Bold Italic.ttf */,
				953438201EE4B00100BC6C75 /* Trebuchet MS Bold.ttf */,
				953438211EE4B00100BC6C75 /* Trebuchet MS Italic.ttf */,
				953438221EE4B00100BC6C75 /* Trebuchet MS.ttf */,
			);
			name = Trebuchet;
			path = "IR(Ipad version)/Trebuchet";
			sourceTree = "<group>";
		};
		E654CAD51D3823E580E28883 /* Frameworks */ = {
			isa = PBXGroup;
			children = (
				B7B8D8D4215DE4DD797EC0F5 /* Pods_IR_Ipad_version_.framework */,
			);
			name = Frameworks;
			sourceTree = "<group>";
		};
/* End PBXGroup section */

/* Begin PBXNativeTarget section */
		953438081EE4AB7200BC6C75 /* IR(Ipad version) */ = {
			isa = PBXNativeTarget;
			buildConfigurationList = 9534381B1EE4AB7200BC6C75 /* Build configuration list for PBXNativeTarget "IR(Ipad version)" */;
			buildPhases = (
				8F69BE07DAEBA210550D4236 /* [CP] Check Pods Manifest.lock */,
				953438051EE4AB7200BC6C75 /* Sources */,
				953438061EE4AB7200BC6C75 /* Frameworks */,
				953438071EE4AB7200BC6C75 /* Resources */,
				ECCDC76D12999D8152A3370C /* [CP] Embed Pods Frameworks */,
				5AD815279686FF547D6FA22E /* [CP] Copy Pods Resources */,
			);
			buildRules = (
			);
			dependencies = (
			);
			name = "IR(Ipad version)";
			productName = "IR(Ipad version)";
			productReference = 953438091EE4AB7200BC6C75 /* IR(Ipad version).app */;
			productType = "com.apple.product-type.application";
		};
/* End PBXNativeTarget section */

/* Begin PBXProject section */
		953438011EE4AB7200BC6C75 /* Project object */ = {
			isa = PBXProject;
			attributes = {
				LastSwiftUpdateCheck = 0830;
				LastUpgradeCheck = 0830;
				ORGANIZATIONNAME = "Khaled Elfakharany";
				TargetAttributes = {
					953438081EE4AB7200BC6C75 = {
						CreatedOnToolsVersion = 8.3;
						ProvisioningStyle = Automatic;
					};
				};
			};
			buildConfigurationList = 953438041EE4AB7200BC6C75 /* Build configuration list for PBXProject "IR(Ipad version)" */;
			compatibilityVersion = "Xcode 3.2";
			developmentRegion = English;
			hasScannedForEncodings = 0;
			knownRegions = (
				en,
				Base,
			);
			mainGroup = 953438001EE4AB7200BC6C75;
			productRefGroup = 9534380A1EE4AB7200BC6C75 /* Products */;
			projectDirPath = "";
			projectRoot = "";
			targets = (
				953438081EE4AB7200BC6C75 /* IR(Ipad version) */,
			);
		};
/* End PBXProject section */

/* Begin PBXResourcesBuildPhase section */
		953438071EE4AB7200BC6C75 /* Resources */ = {
			isa = PBXResourcesBuildPhase;
			buildActionMask = 2147483647;
			files = (
				953438171EE4AB7200BC6C75 /* LaunchScreen.storyboard in Resources */,
				953438261EE4B00100BC6C75 /* Trebuchet MS.ttf in Resources */,
				953438251EE4B00100BC6C75 /* Trebuchet MS Italic.ttf in Resources */,
				953438231EE4B00100BC6C75 /* Trebuchet MS Bold Italic.ttf in Resources */,
				953438141EE4AB7200BC6C75 /* Assets.xcassets in Resources */,
				953438241EE4B00100BC6C75 /* Trebuchet MS Bold.ttf in Resources */,
				953438121EE4AB7200BC6C75 /* Main.storyboard in Resources */,
			);
			runOnlyForDeploymentPostprocessing = 0;
		};
/* End PBXResourcesBuildPhase section */

/* Begin PBXShellScriptBuildPhase section */
		5AD815279686FF547D6FA22E /* [CP] Copy Pods Resources */ = {
			isa = PBXShellScriptBuildPhase;
			buildActionMask = 2147483647;
			files = (
			);
			inputPaths = (
			);
			name = "[CP] Copy Pods Resources";
			outputPaths = (
			);
			runOnlyForDeploymentPostprocessing = 0;
			shellPath = /bin/sh;
			shellScript = "\"${SRCROOT}/Pods/Target Support Files/Pods-IR(Ipad version)/Pods-IR(Ipad version)-resources.sh\"\n";
			showEnvVarsInLog = 0;
		};
		8F69BE07DAEBA210550D4236 /* [CP] Check Pods Manifest.lock */ = {
			isa = PBXShellScriptBuildPhase;
			buildActionMask = 2147483647;
			files = (
			);
			inputPaths = (
			);
			name = "[CP] Check Pods Manifest.lock";
			outputPaths = (
			);
			runOnlyForDeploymentPostprocessing = 0;
			shellPath = /bin/sh;
			shellScript = "diff \"${PODS_ROOT}/../Podfile.lock\" \"${PODS_ROOT}/Manifest.lock\" > /dev/null\nif [ $? != 0 ] ; then\n    # print error to STDERR\n    echo \"error: The sandbox is not in sync with the Podfile.lock. Run 'pod install' or update your CocoaPods installation.\" >&2\n    exit 1\nfi\n";
			showEnvVarsInLog = 0;
		};
		ECCDC76D12999D8152A3370C /* [CP] Embed Pods Frameworks */ = {
			isa = PBXShellScriptBuildPhase;
			buildActionMask = 2147483647;
			files = (
			);
			inputPaths = (
			);
			name = "[CP] Embed Pods Frameworks";
			outputPaths = (
			);
			runOnlyForDeploymentPostprocessing = 0;
			shellPath = /bin/sh;
			shellScript = "\"${SRCROOT}/Pods/Target Support Files/Pods-IR(Ipad version)/Pods-IR(Ipad version)-frameworks.sh\"\n";
			showEnvVarsInLog = 0;
		};
/* End PBXShellScriptBuildPhase section */

/* Begin PBXSourcesBuildPhase section */
		953438051EE4AB7200BC6C75 /* Sources */ = {
			isa = PBXSourcesBuildPhase;
			buildActionMask = 2147483647;
			files = (
				95136E0C1EF03D7D006A9FFC /* PicksData.swift in Sources */,
				95136E141EF03DC1006A9FFC /* SubsectionCell.swift in Sources */,
				95136E061EF03D61006A9FFC /* PickCell.swift in Sources */,
				95136DEC1EF03C88006A9FFC /* AboutUs.swift in Sources */,
				95136E101EF03D93006A9FFC /* RecommendationItem.swift in Sources */,
				95136DFC1EF03CB0006A9FFC /* RecommendationVC.swift in Sources */,
				95136E041EF03D4E006A9FFC /* AssetsCell.swift in Sources */,
				95136DEE1EF03C8D006A9FFC /* AboutUsData.swift in Sources */,
				95136E181EF04040006A9FFC /* AssetAllocation.swift in Sources */,
				95136DFA1EF03CAC006A9FFC /* Metadata.swift in Sources */,
				95136E0A1EF03D76006A9FFC /* Picks.swift in Sources */,
				95136E081EF03D71006A9FFC /* PickItem.swift in Sources */,
				95136DF21EF03C96006A9FFC /* ApiRequests.swift in Sources */,
				95136E1A1EF06DF3006A9FFC /* AAData.swift in Sources */,
				95136DF61EF03CA3006A9FFC /* CustomUISlider.swift in Sources */,
				95136DF41EF03C9E006A9FFC /* AuthData.swift in Sources */,
				95136DF81EF03CA7006A9FFC /* LoginVC.swift in Sources */,
				95136DF01EF03C91006A9FFC /* APIConfiguration.swift in Sources */,
				95136DFE1EF03CB4006A9FFC /* RegisterVC.swift in Sources */,
				9534380D1EE4AB7200BC6C75 /* AppDelegate.swift in Sources */,
				95136DEA1EF03C5C006A9FFC /* AA.swift in Sources */,
				95136E001EF03CBD006A9FFC /* Router.swift in Sources */,
				95136E161EF03DE0006A9FFC /* User.swift in Sources */,
				95136E0E1EF03D8C006A9FFC /* RecomendationSection.swift in Sources */,
				95136E121EF03D98006A9FFC /* RecommendationData.swift in Sources */,
				95136E021EF03CC1006A9FFC /* SettingsVC.swift in Sources */,
			);
			runOnlyForDeploymentPostprocessing = 0;
		};
/* End PBXSourcesBuildPhase section */

/* Begin PBXVariantGroup section */
		953438101EE4AB7200BC6C75 /* Main.storyboard */ = {
			isa = PBXVariantGroup;
			children = (
				953438111EE4AB7200BC6C75 /* Base */,
			);
			name = Main.storyboard;
			sourceTree = "<group>";
		};
		953438151EE4AB7200BC6C75 /* LaunchScreen.storyboard */ = {
			isa = PBXVariantGroup;
			children = (
				953438161EE4AB7200BC6C75 /* Base */,
			);
			name = LaunchScreen.storyboard;
			sourceTree = "<group>";
		};
/* End PBXVariantGroup section */

/* Begin XCBuildConfiguration section */
		953438191EE4AB7200BC6C75 /* Debug */ = {
			isa = XCBuildConfiguration;
			buildSettings = {
				ALWAYS_SEARCH_USER_PATHS = NO;
				CLANG_ANALYZER_NONNULL = YES;
				CLANG_ANALYZER_NUMBER_OBJECT_CONVERSION = YES_AGGRESSIVE;
				CLANG_CXX_LANGUAGE_STANDARD = "gnu++0x";
				CLANG_CXX_LIBRARY = "libc++";
				CLANG_ENABLE_MODULES = YES;
				CLANG_ENABLE_OBJC_ARC = YES;
				CLANG_WARN_BOOL_CONVERSION = YES;
				CLANG_WARN_CONSTANT_CONVERSION = YES;
				CLANG_WARN_DIRECT_OBJC_ISA_USAGE = YES_ERROR;
				CLANG_WARN_DOCUMENTATION_COMMENTS = YES;
				CLANG_WARN_EMPTY_BODY = YES;
				CLANG_WARN_ENUM_CONVERSION = YES;
				CLANG_WARN_INFINITE_RECURSION = YES;
				CLANG_WARN_INT_CONVERSION = YES;
				CLANG_WARN_OBJC_ROOT_CLASS = YES_ERROR;
				CLANG_WARN_SUSPICIOUS_MOVE = YES;
				CLANG_WARN_UNREACHABLE_CODE = YES;
				CLANG_WARN__DUPLICATE_METHOD_MATCH = YES;
				"CODE_SIGN_IDENTITY[sdk=iphoneos*]" = "iPhone Developer";
				COPY_PHASE_STRIP = NO;
				DEBUG_INFORMATION_FORMAT = dwarf;
				ENABLE_STRICT_OBJC_MSGSEND = YES;
				ENABLE_TESTABILITY = YES;
				GCC_C_LANGUAGE_STANDARD = gnu99;
				GCC_DYNAMIC_NO_PIC = NO;
				GCC_NO_COMMON_BLOCKS = YES;
				GCC_OPTIMIZATION_LEVEL = 0;
				GCC_PREPROCESSOR_DEFINITIONS = (
					"DEBUG=1",
					"$(inherited)",
				);
				GCC_WARN_64_TO_32_BIT_CONVERSION = YES;
				GCC_WARN_ABOUT_RETURN_TYPE = YES_ERROR;
				GCC_WARN_UNDECLARED_SELECTOR = YES;
				GCC_WARN_UNINITIALIZED_AUTOS = YES_AGGRESSIVE;
				GCC_WARN_UNUSED_FUNCTION = YES;
				GCC_WARN_UNUSED_VARIABLE = YES;
				IPHONEOS_DEPLOYMENT_TARGET = 10.3;
				MTL_ENABLE_DEBUG_INFO = YES;
				ONLY_ACTIVE_ARCH = YES;
				SDKROOT = iphoneos;
				SWIFT_ACTIVE_COMPILATION_CONDITIONS = DEBUG;
				SWIFT_OPTIMIZATION_LEVEL = "-Onone";
				TARGETED_DEVICE_FAMILY = 2;
			};
			name = Debug;
		};
		9534381A1EE4AB7200BC6C75 /* Release */ = {
			isa = XCBuildConfiguration;
			buildSettings = {
				ALWAYS_SEARCH_USER_PATHS = NO;
				CLANG_ANALYZER_NONNULL = YES;
				CLANG_ANALYZER_NUMBER_OBJECT_CONVERSION = YES_AGGRESSIVE;
				CLANG_CXX_LANGUAGE_STANDARD = "gnu++0x";
				CLANG_CXX_LIBRARY = "libc++";
				CLANG_ENABLE_MODULES = YES;
				CLANG_ENABLE_OBJC_ARC = YES;
				CLANG_WARN_BOOL_CONVERSION = YES;
				CLANG_WARN_CONSTANT_CONVERSION = YES;
				CLANG_WARN_DIRECT_OBJC_ISA_USAGE = YES_ERROR;
				CLANG_WARN_DOCUMENTATION_COMMENTS = YES;
				CLANG_WARN_EMPTY_BODY = YES;
				CLANG_WARN_ENUM_CONVERSION = YES;
				CLANG_WARN_INFINITE_RECURSION = YES;
				CLANG_WARN_INT_CONVERSION = YES;
				CLANG_WARN_OBJC_ROOT_CLASS = YES_ERROR;
				CLANG_WARN_SUSPICIOUS_MOVE = YES;
				CLANG_WARN_UNREACHABLE_CODE = YES;
				CLANG_WARN__DUPLICATE_METHOD_MATCH = YES;
				"CODE_SIGN_IDENTITY[sdk=iphoneos*]" = "iPhone Developer";
				COPY_PHASE_STRIP = NO;
				DEBUG_INFORMATION_FORMAT = "dwarf-with-dsym";
				ENABLE_NS_ASSERTIONS = NO;
				ENABLE_STRICT_OBJC_MSGSEND = YES;
				GCC_C_LANGUAGE_STANDARD = gnu99;
				GCC_NO_COMMON_BLOCKS = YES;
				GCC_WARN_64_TO_32_BIT_CONVERSION = YES;
				GCC_WARN_ABOUT_RETURN_TYPE = YES_ERROR;
				GCC_WARN_UNDECLARED_SELECTOR = YES;
				GCC_WARN_UNINITIALIZED_AUTOS = YES_AGGRESSIVE;
				GCC_WARN_UNUSED_FUNCTION = YES;
				GCC_WARN_UNUSED_VARIABLE = YES;
				IPHONEOS_DEPLOYMENT_TARGET = 10.3;
				MTL_ENABLE_DEBUG_INFO = NO;
				SDKROOT = iphoneos;
				SWIFT_OPTIMIZATION_LEVEL = "-Owholemodule";
				TARGETED_DEVICE_FAMILY = 2;
				VALIDATE_PRODUCT = YES;
			};
			name = Release;
		};
		9534381C1EE4AB7200BC6C75 /* Debug */ = {
			isa = XCBuildConfiguration;
			baseConfigurationReference = 6E78F5C0C571BBE3E3A5F37E /* Pods-IR(Ipad version).debug.xcconfig */;
			buildSettings = {
				ASSETCATALOG_COMPILER_APPICON_NAME = AppIcon;
				INFOPLIST_FILE = "IR(Ipad version)/Info.plist";
				LD_RUNPATH_SEARCH_PATHS = "$(inherited) @executable_path/Frameworks";
				PRODUCT_BUNDLE_IDENTIFIER = "swift3.IR-Ipad-version-";
				PRODUCT_NAME = "$(TARGET_NAME)";
				SWIFT_VERSION = 3.0;
			};
			name = Debug;
		};
		9534381D1EE4AB7200BC6C75 /* Release */ = {
			isa = XCBuildConfiguration;
			baseConfigurationReference = 730163CBC1F99FFAC19DC8E0 /* Pods-IR(Ipad version).release.xcconfig */;
			buildSettings = {
				ASSETCATALOG_COMPILER_APPICON_NAME = AppIcon;
				INFOPLIST_FILE = "IR(Ipad version)/Info.plist";
				LD_RUNPATH_SEARCH_PATHS = "$(inherited) @executable_path/Frameworks";
				PRODUCT_BUNDLE_IDENTIFIER = "swift3.IR-Ipad-version-";
				PRODUCT_NAME = "$(TARGET_NAME)";
				SWIFT_VERSION = 3.0;
			};
			name = Release;
		};
/* End XCBuildConfiguration section */

/* Begin XCConfigurationList section */
		953438041EE4AB7200BC6C75 /* Build configuration list for PBXProject "IR(Ipad version)" */ = {
			isa = XCConfigurationList;
			buildConfigurations = (
				953438191EE4AB7200BC6C75 /* Debug */,
				9534381A1EE4AB7200BC6C75 /* Release */,
			);
			defaultConfigurationIsVisible = 0;
			defaultConfigurationName = Release;
		};
		9534381B1EE4AB7200BC6C75 /* Build configuration list for PBXNativeTarget "IR(Ipad version)" */ = {
			isa = XCConfigurationList;
			buildConfigurations = (
				9534381C1EE4AB7200BC6C75 /* Debug */,
				9534381D1EE4AB7200BC6C75 /* Release */,
			);
			defaultConfigurationIsVisible = 0;
			defaultConfigurationName = Release;
		};
/* End XCConfigurationList section */
	};
	rootObject = 953438011EE4AB7200BC6C75 /* Project object */;
}
